{
  "name": "@funidata/ngx-fudis",
  "version": "9.0.0-rc.1",
  "lockfileVersion": 3,
  "requires": true,
  "packages": {
    "": {
      "name": "@funidata/ngx-fudis",
      "version": "9.0.0-rc.1",
      "license": "CC-BY-NC-SA-4.0",
      "devDependencies": {
        "tslib": "^2.7.0",
        "typescript": "^5.9.3"
      },
      "peerDependencies": {
        "@angular/cdk": ">=20.0.0",
        "@angular/common": ">=20.0.0",
        "@angular/core": ">=20.0.0",
        "@angular/material": ">=20.0.0",
        "@funidata/fudis-core": "^3.0.0"
      }
    },
    "node_modules/@angular/cdk": {
      "version": "21.2.3",
      "resolved": "https://registry.npmjs.org/@angular/cdk/-/cdk-21.2.3.tgz",
      "integrity": "sha512-7t+UhfbSpIUG9uUyL4b8nI/HyYyrbgAvDwBT8kH4D7If0WiFQhUoottAM0+WZ7Uy+F4nx322K6TOomz/fZJOoQ==",
      "license": "MIT",
      "peer": true,
      "dependencies": {
        "parse5": "^8.0.0",
        "tslib": "^2.3.0"
      },
      "peerDependencies": {
        "@angular/common": "^21.0.0 || ^22.0.0",
        "@angular/core": "^21.0.0 || ^22.0.0",
        "@angular/platform-browser": "^21.0.0 || ^22.0.0",
        "rxjs": "^6.5.3 || ^7.4.0"
      }
    },
    "node_modules/@angular/common": {
      "version": "21.2.5",
      "resolved": "https://registry.npmjs.org/@angular/common/-/common-21.2.5.tgz",
      "integrity": "sha512-MTjCbsHBkF9W12CW9yYiTJdVfZv/qCqBCZ2iqhMpDA5G+ZJiTKP0IDTJVrx2N5iHfiJ1lnK719t/9GXROtEAvg==",
      "license": "MIT",
      "peer": true,
      "dependencies": {
        "tslib": "^2.3.0"
      },
      "engines": {
        "node": "^20.19.0 || ^22.12.0 || >=24.0.0"
      },
      "peerDependencies": {
        "@angular/core": "21.2.5",
        "rxjs": "^6.5.3 || ^7.4.0"
      }
    },
    "node_modules/@angular/core": {
      "version": "21.2.5",
      "resolved": "https://registry.npmjs.org/@angular/core/-/core-21.2.5.tgz",
      "integrity": "sha512-JgHU134Adb1wrpyGC9ozcv3hiRAgaFTvJFn1u9OU/AVXyxu4meMmVh2hp5QhAvPnv8XQdKWWIkAY+dbpPE6zKA==",
      "license": "MIT",
      "peer": true,
      "dependencies": {
        "tslib": "^2.3.0"
      },
      "engines": {
        "node": "^20.19.0 || ^22.12.0 || >=24.0.0"
      },
      "peerDependencies": {
        "@angular/compiler": "21.2.5",
        "rxjs": "^6.5.3 || ^7.4.0",
        "zone.js": "~0.15.0 || ~0.16.0"
      },
      "peerDependenciesMeta": {
        "@angular/compiler": {
          "optional": true
        },
        "zone.js": {
          "optional": true
        }
      }
    },
    "node_modules/@angular/forms": {
      "version": "21.2.5",
      "resolved": "https://registry.npmjs.org/@angular/forms/-/forms-21.2.5.tgz",
      "integrity": "sha512-pqRuK+a1ZAFZbs8/dZoorFJah2IWaf/SH8axHUpaDJ7fyNrwNEcpczyObdxZ00lOgORpKAhWo/q0hlVS+In8cw==",
      "license": "MIT",
      "peer": true,
      "dependencies": {
        "@standard-schema/spec": "^1.0.0",
        "tslib": "^2.3.0"
      },
      "engines": {
        "node": "^20.19.0 || ^22.12.0 || >=24.0.0"
      },
      "peerDependencies": {
        "@angular/common": "21.2.5",
        "@angular/core": "21.2.5",
        "@angular/platform-browser": "21.2.5",
        "rxjs": "^6.5.3 || ^7.4.0"
      }
    },
    "node_modules/@angular/material": {
      "version": "21.2.3",
      "resolved": "https://registry.npmjs.org/@angular/material/-/material-21.2.3.tgz",
      "integrity": "sha512-mqmqhHRKIJwSKaYUtb9hH6/oHmozgqv/pYQMvMa3Fd5iipV0VxXN2GdNl3WE9LV9FJhHDBMitNU0hdE0uCM1nQ==",
      "license": "MIT",
      "peer": true,
      "dependencies": {
        "tslib": "^2.3.0"
      },
      "peerDependencies": {
        "@angular/cdk": "21.2.3",
        "@angular/common": "^21.0.0 || ^22.0.0",
        "@angular/core": "^21.0.0 || ^22.0.0",
        "@angular/forms": "^21.0.0 || ^22.0.0",
        "@angular/platform-browser": "^21.0.0 || ^22.0.0",
        "rxjs": "^6.5.3 || ^7.4.0"
      }
    },
    "node_modules/@angular/platform-browser": {
      "version": "21.2.5",
      "resolved": "https://registry.npmjs.org/@angular/platform-browser/-/platform-browser-21.2.5.tgz",
      "integrity": "sha512-VuuYguxjgyI4XWuoXrKynmuA3FB991pXbkNhxHeCW0yX+7DGOnGLPF1oierd4/X+IvskmN8foBZLfjyg9u4Ffg==",
      "license": "MIT",
      "peer": true,
      "dependencies": {
        "tslib": "^2.3.0"
      },
      "engines": {
        "node": "^20.19.0 || ^22.12.0 || >=24.0.0"
      },
      "peerDependencies": {
        "@angular/animations": "21.2.5",
        "@angular/common": "21.2.5",
        "@angular/core": "21.2.5"
      },
      "peerDependenciesMeta": {
        "@angular/animations": {
          "optional": true
        }
      }
    },
    "node_modules/@funidata/fudis-core": {
      "version": "3.0.0",
      "resolved": "https://registry.npmjs.org/@funidata/fudis-core/-/fudis-core-3.0.0.tgz",
      "integrity": "sha512-kSKVroJXaoa85yeMp7xEZmeEC7BHx10xKXSwA/Vr5fotzROuCO5SWM9kSEN7s+p0QU7i+OH1GkU595TOU/Y2Dg==",
      "license": "CC-BY-NC-SA-4.0",
      "peer": true
    },
    "node_modules/@standard-schema/spec": {
      "version": "1.1.0",
      "resolved": "https://registry.npmjs.org/@standard-schema/spec/-/spec-1.1.0.tgz",
      "integrity": "sha512-l2aFy5jALhniG5HgqrD6jXLi/rUWrKvqN/qJx6yoJsgKhblVd+iqqU4RCXavm/jPityDo5TCvKMnpjKnOriy0w==",
      "license": "MIT",
      "peer": true
    },
    "node_modules/entities": {
      "version": "6.0.1",
      "resolved": "https://registry.npmjs.org/entities/-/entities-6.0.1.tgz",
      "integrity": "sha512-aN97NXWF6AWBTahfVOIrB/NShkzi5H7F9r1s9mD3cDj4Ko5f2qhhVoYMibXF7GlLveb/D2ioWay8lxI97Ven3g==",
      "license": "BSD-2-Clause",
      "peer": true,
      "engines": {
        "node": ">=0.12"
      },
      "funding": {
        "url": "https://github.com/fb55/entities?sponsor=1"
      }
    },
    "node_modules/parse5": {
      "version": "8.0.0",
      "resolved": "https://registry.npmjs.org/parse5/-/parse5-8.0.0.tgz",
      "integrity": "sha512-9m4m5GSgXjL4AjumKzq1Fgfp3Z8rsvjRNbnkVwfu2ImRqE5D0LnY2QfDen18FSY9C573YU5XxSapdHZTZ2WolA==",
      "license": "MIT",
      "peer": true,
      "dependencies": {
        "entities": "^6.0.0"
      },
      "funding": {
        "url": "https://github.com/inikulin/parse5?sponsor=1"
      }
    },
    "node_modules/rxjs": {
      "version": "7.8.2",
      "resolved": "https://registry.npmjs.org/rxjs/-/rxjs-7.8.2.tgz",
      "integrity": "sha512-dhKf903U/PQZY6boNNtAGdWbG85WAbjT/1xYoZIC7FAY0yWapOBQVsVrDl58W86//e1VpMNBtRV4MaXfdMySFA==",
      "license": "Apache-2.0",
      "peer": true,
      "dependencies": {
        "tslib": "^2.1.0"
      }
    },
    "node_modules/tslib": {
      "version": "2.8.1",
      "resolved": "https://registry.npmjs.org/tslib/-/tslib-2.8.1.tgz",
      "integrity": "sha512-oJFu94HQb+KVduSUQL7wnpmqnfmLsOA/nAh6b6EH0wCEoK0/mPeXU6c3wKDV83MkOuHPRHtSXKKU99IBazS/2w==",
      "license": "0BSD"
    },
    "node_modules/typescript": {
      "version": "5.9.3",
      "resolved": "https://registry.npmjs.org/typescript/-/typescript-5.9.3.tgz",
      "integrity": "sha512-jl1vZzPDinLr9eUt3J/t7V6FgNEw9QjvBPdysz9KfQDD41fQrC2Y4vKQdiaUpFT4bXlb1RHhLpp8wtm6M5TgSw==",
      "dev": true,
      "license": "Apache-2.0",
      "bin": {
        "tsc": "bin/tsc",
        "tsserver": "bin/tsserver"
      },
      "engines": {
        "node": ">=14.17"
      }
    }
  }
}
